
Microsoft Visual Studio Solution File, Format Version 12.00
# Visual Studio Version 17
VisualStudioVersion = 17.4.33213.308
MinimumVisualStudioVersion = 10.0.40219.1
Project("{FAE04EC0-301F-11D3-BF4B-00C04F79EFBC}") = "UdemyDersSinema", "UdemyDersSinema.csproj", "{ED520D51-71E5-4AA4-9EF8-3DC74B2BF7B3}"
EndProject
Project("{9A19103F-16F7-4668-BE54-9A1E7A4F7556}") = "Random", "..\Random\Random.csproj", "{24BB549B-D6FA-4AAC-8592-4EB591C32093}"
EndProject
Project("{9A19103F-16F7-4668-BE54-9A1E7A4F7556}") = "SayısalLoto", "..\SayısalLoto\SayısalLoto.csproj", "{DABA6793-FAB3-499E-8F2C-39F66A2F90E9}"
EndProject
Project("{9A19103F-16F7-4668-BE54-9A1E7A4F7556}") = "Captcha", "..\Captcha\Captcha.csproj", "{BD572529-89EE-4A11-8245-AD690EE9C06B}"
EndProject
Project("{9A19103F-16F7-4668-BE54-9A1E7A4F7556}") = "FormlarArasıVeriTransferi", "..\FormlarArasıVeriTransferi\FormlarArasıVeriTransferi.csproj", "{2DADC5AF-6ECB-4F74-B507-F1A088BE7F7D}"
EndProject
Project("{9A19103F-16F7-4668-BE54-9A1E7A4F7556}") = "PointUygulama", "..\Point\PointUygulama.csproj", "{D2E8199B-0E36-47A6-A4E4-E07AF00F5F52}"
EndProject
Project("{9A19103F-16F7-4668-BE54-9A1E7A4F7556}") = "Enum", "..\Enum\Enum.csproj", "{0E33CE93-C426-4C2F-8E5F-CB14A8B5C4A5}"
EndProject
Project("{9A19103F-16F7-4668-BE54-9A1E7A4F7556}") = "MatematikFonksiyonları", "..\MatematikFonksiyonları\MatematikFonksiyonları.csproj", "{AEF9437C-B4B7-4BC7-9B2E-B00413A0F310}"
EndProject
Project("{9A19103F-16F7-4668-BE54-9A1E7A4F7556}") = "DinamikAraclar", "..\DinamikAraclar\DinamikAraclar.csproj", "{FC977DA1-6E33-43EB-A719-33E4033C4E0F}"
EndProject
Project("{9A19103F-16F7-4668-BE54-9A1E7A4F7556}") = "PersonelKayit", "..\PersonelKayit\PersonelKayit.csproj", "{721B2523-09EE-4549-AED2-84C104C8B622}"
EndProject
Project("{FAE04EC0-301F-11D3-BF4B-00C04F79EFBC}") = "NET Framework", "..\Grafikler\NET Framework.csproj", "{838A631E-5AD2-4E06-A650-94DAE070B340}"
EndProject
Project("{FAE04EC0-301F-11D3-BF4B-00C04F79EFBC}") = "DosyaKlasor", "..\DosyaKlasor\DosyaKlasor.csproj", "{4B691C72-EF29-4855-BB3E-C1E216AFE482}"
EndProject
Project("{FAE04EC0-301F-11D3-BF4B-00C04F79EFBC}") = "MetinDosyası", "..\MetinDosyası\MetinDosyası.csproj", "{CAD5307A-A1B2-42C5-A236-686A7C2425CC}"
EndProject
Project("{FAE04EC0-301F-11D3-BF4B-00C04F79EFBC}") = "HastaneProje", "..\HasataneProje\HastaneProje.csproj", "{FD72A99A-3A7B-4E58-A12F-94F3885F1F8E}"
EndProject
Project("{FAE04EC0-301F-11D3-BF4B-00C04F79EFBC}") = "KitaplikProje", "..\KitaplikProje\KitaplikProje.csproj", "{9A9EF707-7EAD-440D-9867-050FB92C0F10}"
EndProject
Project("{FAE04EC0-301F-11D3-BF4B-00C04F79EFBC}") = "TryCatch", "..\TryCatch\TryCatch.csproj", "{F487C8FA-D90E-4DB8-B216-1031E82C8703}"
EndProject
Project("{54435603-DBB4-11D2-8724-00A0C9A8B90C}") = "HastaneProjeSetup", "..\HastaneProjeSetup\HastaneProjeSetup.vdproj", "{E2D2598C-3FC0-4456-8C16-E77073967927}"
EndProject
Project("{FAE04EC0-301F-11D3-BF4B-00C04F79EFBC}") = "BonusProje", "..\BonusProje\BonusProje.csproj", "{6A8BD417-E0D6-47D2-9EA6-02AB69705114}"
EndProject
Project("{FAE04EC0-301F-11D3-BF4B-00C04F79EFBC}") = "EntityProjeUygulama", "..\EntityProjeUygulama\EntityProjeUygulama.csproj", "{976B4541-385D-4FED-A14F-ED99002842D5}"
EndProject
Project("{FAE04EC0-301F-11D3-BF4B-00C04F79EFBC}") = "NKatmanliMimari", "..\NKatmanliMimari\NKatmanliMimari.csproj", "{E68B130B-1A45-477C-ADEB-6C98EFD2E200}"
EndProject
Project("{FAE04EC0-301F-11D3-BF4B-00C04F79EFBC}") = "EntityLayer", "..\EntityLayer_\EntityLayer.csproj", "{1F32DC1E-8F10-4667-94D1-86C25802BD64}"
EndProject
Project("{FAE04EC0-301F-11D3-BF4B-00C04F79EFBC}") = "DataAccessLayer", "..\DataAccessLayer_\DataAccessLayer.csproj", "{4876C4C3-BC19-482B-84F3-E97D00FF5767}"
EndProject
Project("{FAE04EC0-301F-11D3-BF4B-00C04F79EFBC}") = "LogicLayer", "..\LogicLayer_\LogicLayer.csproj", "{F7C59007-70AB-4681-837F-5DAB16D469AF}"
EndProject
Global
	GlobalSection(SolutionConfigurationPlatforms) = preSolution
		Debug|Any CPU = Debug|Any CPU
		Debug|x86 = Debug|x86
		Release|Any CPU = Release|Any CPU
		Release|x86 = Release|x86
	EndGlobalSection
	GlobalSection(ProjectConfigurationPlatforms) = postSolution
		{ED520D51-71E5-4AA4-9EF8-3DC74B2BF7B3}.Debug|Any CPU.ActiveCfg = Debug|Any CPU
		{ED520D51-71E5-4AA4-9EF8-3DC74B2BF7B3}.Debug|Any CPU.Build.0 = Debug|Any CPU
		{ED520D51-71E5-4AA4-9EF8-3DC74B2BF7B3}.Debug|x86.ActiveCfg = Debug|Any CPU
		{ED520D51-71E5-4AA4-9EF8-3DC74B2BF7B3}.Debug|x86.Build.0 = Debug|Any CPU
		{ED520D51-71E5-4AA4-9EF8-3DC74B2BF7B3}.Release|Any CPU.ActiveCfg = Release|Any CPU
		{ED520D51-71E5-4AA4-9EF8-3DC74B2BF7B3}.Release|Any CPU.Build.0 = Release|Any CPU
		{ED520D51-71E5-4AA4-9EF8-3DC74B2BF7B3}.Release|x86.ActiveCfg = Release|Any CPU
		{ED520D51-71E5-4AA4-9EF8-3DC74B2BF7B3}.Release|x86.Build.0 = Release|Any CPU
		{24BB549B-D6FA-4AAC-8592-4EB591C32093}.Debug|Any CPU.ActiveCfg = Debug|Any CPU
		{24BB549B-D6FA-4AAC-8592-4EB591C32093}.Debug|Any CPU.Build.0 = Debug|Any CPU
		{24BB549B-D6FA-4AAC-8592-4EB591C32093}.Debug|x86.ActiveCfg = Debug|Any CPU
		{24BB549B-D6FA-4AAC-8592-4EB591C32093}.Debug|x86.Build.0 = Debug|Any CPU
		{24BB549B-D6FA-4AAC-8592-4EB591C32093}.Release|Any CPU.ActiveCfg = Release|Any CPU
		{24BB549B-D6FA-4AAC-8592-4EB591C32093}.Release|Any CPU.Build.0 = Release|Any CPU
		{24BB549B-D6FA-4AAC-8592-4EB591C32093}.Release|x86.ActiveCfg = Release|Any CPU
		{24BB549B-D6FA-4AAC-8592-4EB591C32093}.Release|x86.Build.0 = Release|Any CPU
		{DABA6793-FAB3-499E-8F2C-39F66A2F90E9}.Debug|Any CPU.ActiveCfg = Debug|Any CPU
		{DABA6793-FAB3-499E-8F2C-39F66A2F90E9}.Debug|Any CPU.Build.0 = Debug|Any CPU
		{DABA6793-FAB3-499E-8F2C-39F66A2F90E9}.Debug|x86.ActiveCfg = Debug|Any CPU
		{DABA6793-FAB3-499E-8F2C-39F66A2F90E9}.Debug|x86.Build.0 = Debug|Any CPU
		{DABA6793-FAB3-499E-8F2C-39F66A2F90E9}.Release|Any CPU.ActiveCfg = Release|Any CPU
		{DABA6793-FAB3-499E-8F2C-39F66A2F90E9}.Release|Any CPU.Build.0 = Release|Any CPU
		{DABA6793-FAB3-499E-8F2C-39F66A2F90E9}.Release|x86.ActiveCfg = Release|Any CPU
		{DABA6793-FAB3-499E-8F2C-39F66A2F90E9}.Release|x86.Build.0 = Release|Any CPU
		{BD572529-89EE-4A11-8245-AD690EE9C06B}.Debug|Any CPU.ActiveCfg = Debug|Any CPU
		{BD572529-89EE-4A11-8245-AD690EE9C06B}.Debug|Any CPU.Build.0 = Debug|Any CPU
		{BD572529-89EE-4A11-8245-AD690EE9C06B}.Debug|x86.ActiveCfg = Debug|Any CPU
		{BD572529-89EE-4A11-8245-AD690EE9C06B}.Debug|x86.Build.0 = Debug|Any CPU
		{BD572529-89EE-4A11-8245-AD690EE9C06B}.Release|Any CPU.ActiveCfg = Release|Any CPU
		{BD572529-89EE-4A11-8245-AD690EE9C06B}.Release|Any CPU.Build.0 = Release|Any CPU
		{BD572529-89EE-4A11-8245-AD690EE9C06B}.Release|x86.ActiveCfg = Release|Any CPU
		{BD572529-89EE-4A11-8245-AD690EE9C06B}.Release|x86.Build.0 = Release|Any CPU
		{2DADC5AF-6ECB-4F74-B507-F1A088BE7F7D}.Debug|Any CPU.ActiveCfg = Debug|Any CPU
		{2DADC5AF-6ECB-4F74-B507-F1A088BE7F7D}.Debug|Any CPU.Build.0 = Debug|Any CPU
		{2DADC5AF-6ECB-4F74-B507-F1A088BE7F7D}.Debug|x86.ActiveCfg = Debug|Any CPU
		{2DADC5AF-6ECB-4F74-B507-F1A088BE7F7D}.Debug|x86.Build.0 = Debug|Any CPU
		{2DADC5AF-6ECB-4F74-B507-F1A088BE7F7D}.Release|Any CPU.ActiveCfg = Release|Any CPU
		{2DADC5AF-6ECB-4F74-B507-F1A088BE7F7D}.Release|Any CPU.Build.0 = Release|Any CPU
		{2DADC5AF-6ECB-4F74-B507-F1A088BE7F7D}.Release|x86.ActiveCfg = Release|Any CPU
		{2DADC5AF-6ECB-4F74-B507-F1A088BE7F7D}.Release|x86.Build.0 = Release|Any CPU
		{D2E8199B-0E36-47A6-A4E4-E07AF00F5F52}.Debug|Any CPU.ActiveCfg = Debug|Any CPU
		{D2E8199B-0E36-47A6-A4E4-E07AF00F5F52}.Debug|Any CPU.Build.0 = Debug|Any CPU
		{D2E8199B-0E36-47A6-A4E4-E07AF00F5F52}.Debug|x86.ActiveCfg = Debug|Any CPU
		{D2E8199B-0E36-47A6-A4E4-E07AF00F5F52}.Debug|x86.Build.0 = Debug|Any CPU
		{D2E8199B-0E36-47A6-A4E4-E07AF00F5F52}.Release|Any CPU.ActiveCfg = Release|Any CPU
		{D2E8199B-0E36-47A6-A4E4-E07AF00F5F52}.Release|Any CPU.Build.0 = Release|Any CPU
		{D2E8199B-0E36-47A6-A4E4-E07AF00F5F52}.Release|x86.ActiveCfg = Release|Any CPU
		{D2E8199B-0E36-47A6-A4E4-E07AF00F5F52}.Release|x86.Build.0 = Release|Any CPU
		{0E33CE93-C426-4C2F-8E5F-CB14A8B5C4A5}.Debug|Any CPU.ActiveCfg = Debug|Any CPU
		{0E33CE93-C426-4C2F-8E5F-CB14A8B5C4A5}.Debug|Any CPU.Build.0 = Debug|Any CPU
		{0E33CE93-C426-4C2F-8E5F-CB14A8B5C4A5}.Debug|x86.ActiveCfg = Debug|Any CPU
		{0E33CE93-C426-4C2F-8E5F-CB14A8B5C4A5}.Debug|x86.Build.0 = Debug|Any CPU
		{0E33CE93-C426-4C2F-8E5F-CB14A8B5C4A5}.Release|Any CPU.ActiveCfg = Release|Any CPU
		{0E33CE93-C426-4C2F-8E5F-CB14A8B5C4A5}.Release|Any CPU.Build.0 = Release|Any CPU
		{0E33CE93-C426-4C2F-8E5F-CB14A8B5C4A5}.Release|x86.ActiveCfg = Release|Any CPU
		{0E33CE93-C426-4C2F-8E5F-CB14A8B5C4A5}.Release|x86.Build.0 = Release|Any CPU
		{AEF9437C-B4B7-4BC7-9B2E-B00413A0F310}.Debug|Any CPU.ActiveCfg = Debug|Any CPU
		{AEF9437C-B4B7-4BC7-9B2E-B00413A0F310}.Debug|Any CPU.Build.0 = Debug|Any CPU
		{AEF9437C-B4B7-4BC7-9B2E-B00413A0F310}.Debug|x86.ActiveCfg = Debug|Any CPU
		{AEF9437C-B4B7-4BC7-9B2E-B00413A0F310}.Debug|x86.Build.0 = Debug|Any CPU
		{AEF9437C-B4B7-4BC7-9B2E-B00413A0F310}.Release|Any CPU.ActiveCfg = Release|Any CPU
		{AEF9437C-B4B7-4BC7-9B2E-B00413A0F310}.Release|Any CPU.Build.0 = Release|Any CPU
		{AEF9437C-B4B7-4BC7-9B2E-B00413A0F310}.Release|x86.ActiveCfg = Release|Any CPU
		{AEF9437C-B4B7-4BC7-9B2E-B00413A0F310}.Release|x86.Build.0 = Release|Any CPU
		{FC977DA1-6E33-43EB-A719-33E4033C4E0F}.Debug|Any CPU.ActiveCfg = Debug|Any CPU
		{FC977DA1-6E33-43EB-A719-33E4033C4E0F}.Debug|Any CPU.Build.0 = Debug|Any CPU
		{FC977DA1-6E33-43EB-A719-33E4033C4E0F}.Debug|x86.ActiveCfg = Debug|Any CPU
		{FC977DA1-6E33-43EB-A719-33E4033C4E0F}.Debug|x86.Build.0 = Debug|Any CPU
		{FC977DA1-6E33-43EB-A719-33E4033C4E0F}.Release|Any CPU.ActiveCfg = Release|Any CPU
		{FC977DA1-6E33-43EB-A719-33E4033C4E0F}.Release|Any CPU.Build.0 = Release|Any CPU
		{FC977DA1-6E33-43EB-A719-33E4033C4E0F}.Release|x86.ActiveCfg = Release|Any CPU
		{FC977DA1-6E33-43EB-A719-33E4033C4E0F}.Release|x86.Build.0 = Release|Any CPU
		{721B2523-09EE-4549-AED2-84C104C8B622}.Debug|Any CPU.ActiveCfg = Debug|Any CPU
		{721B2523-09EE-4549-AED2-84C104C8B622}.Debug|Any CPU.Build.0 = Debug|Any CPU
		{721B2523-09EE-4549-AED2-84C104C8B622}.Debug|x86.ActiveCfg = Debug|Any CPU
		{721B2523-09EE-4549-AED2-84C104C8B622}.Debug|x86.Build.0 = Debug|Any CPU
		{721B2523-09EE-4549-AED2-84C104C8B622}.Release|Any CPU.ActiveCfg = Release|Any CPU
		{721B2523-09EE-4549-AED2-84C104C8B622}.Release|Any CPU.Build.0 = Release|Any CPU
		{721B2523-09EE-4549-AED2-84C104C8B622}.Release|x86.ActiveCfg = Release|Any CPU
		{721B2523-09EE-4549-AED2-84C104C8B622}.Release|x86.Build.0 = Release|Any CPU
		{838A631E-5AD2-4E06-A650-94DAE070B340}.Debug|Any CPU.ActiveCfg = Debug|Any CPU
		{838A631E-5AD2-4E06-A650-94DAE070B340}.Debug|Any CPU.Build.0 = Debug|Any CPU
		{838A631E-5AD2-4E06-A650-94DAE070B340}.Debug|x86.ActiveCfg = Debug|Any CPU
		{838A631E-5AD2-4E06-A650-94DAE070B340}.Debug|x86.Build.0 = Debug|Any CPU
		{838A631E-5AD2-4E06-A650-94DAE070B340}.Release|Any CPU.ActiveCfg = Release|Any CPU
		{838A631E-5AD2-4E06-A650-94DAE070B340}.Release|Any CPU.Build.0 = Release|Any CPU
		{838A631E-5AD2-4E06-A650-94DAE070B340}.Release|x86.ActiveCfg = Release|Any CPU
		{838A631E-5AD2-4E06-A650-94DAE070B340}.Release|x86.Build.0 = Release|Any CPU
		{4B691C72-EF29-4855-BB3E-C1E216AFE482}.Debug|Any CPU.ActiveCfg = Debug|Any CPU
		{4B691C72-EF29-4855-BB3E-C1E216AFE482}.Debug|Any CPU.Build.0 = Debug|Any CPU
		{4B691C72-EF29-4855-BB3E-C1E216AFE482}.Debug|x86.ActiveCfg = Debug|Any CPU
		{4B691C72-EF29-4855-BB3E-C1E216AFE482}.Debug|x86.Build.0 = Debug|Any CPU
		{4B691C72-EF29-4855-BB3E-C1E216AFE482}.Release|Any CPU.ActiveCfg = Release|Any CPU
		{4B691C72-EF29-4855-BB3E-C1E216AFE482}.Release|Any CPU.Build.0 = Release|Any CPU
		{4B691C72-EF29-4855-BB3E-C1E216AFE482}.Release|x86.ActiveCfg = Release|Any CPU
		{4B691C72-EF29-4855-BB3E-C1E216AFE482}.Release|x86.Build.0 = Release|Any CPU
		{CAD5307A-A1B2-42C5-A236-686A7C2425CC}.Debug|Any CPU.ActiveCfg = Debug|Any CPU
		{CAD5307A-A1B2-42C5-A236-686A7C2425CC}.Debug|Any CPU.Build.0 = Debug|Any CPU
		{CAD5307A-A1B2-42C5-A236-686A7C2425CC}.Debug|x86.ActiveCfg = Debug|Any CPU
		{CAD5307A-A1B2-42C5-A236-686A7C2425CC}.Debug|x86.Build.0 = Debug|Any CPU
		{CAD5307A-A1B2-42C5-A236-686A7C2425CC}.Release|Any CPU.ActiveCfg = Release|Any CPU
		{CAD5307A-A1B2-42C5-A236-686A7C2425CC}.Release|Any CPU.Build.0 = Release|Any CPU
		{CAD5307A-A1B2-42C5-A236-686A7C2425CC}.Release|x86.ActiveCfg = Release|Any CPU
		{CAD5307A-A1B2-42C5-A236-686A7C2425CC}.Release|x86.Build.0 = Release|Any CPU
		{FD72A99A-3A7B-4E58-A12F-94F3885F1F8E}.Debug|Any CPU.ActiveCfg = Debug|Any CPU
		{FD72A99A-3A7B-4E58-A12F-94F3885F1F8E}.Debug|Any CPU.Build.0 = Debug|Any CPU
		{FD72A99A-3A7B-4E58-A12F-94F3885F1F8E}.Debug|x86.ActiveCfg = Debug|Any CPU
		{FD72A99A-3A7B-4E58-A12F-94F3885F1F8E}.Debug|x86.Build.0 = Debug|Any CPU
		{FD72A99A-3A7B-4E58-A12F-94F3885F1F8E}.Release|Any CPU.ActiveCfg = Release|Any CPU
		{FD72A99A-3A7B-4E58-A12F-94F3885F1F8E}.Release|Any CPU.Build.0 = Release|Any CPU
		{FD72A99A-3A7B-4E58-A12F-94F3885F1F8E}.Release|x86.ActiveCfg = Release|Any CPU
		{FD72A99A-3A7B-4E58-A12F-94F3885F1F8E}.Release|x86.Build.0 = Release|Any CPU
		{9A9EF707-7EAD-440D-9867-050FB92C0F10}.Debug|Any CPU.ActiveCfg = Debug|Any CPU
		{9A9EF707-7EAD-440D-9867-050FB92C0F10}.Debug|Any CPU.Build.0 = Debug|Any CPU
		{9A9EF707-7EAD-440D-9867-050FB92C0F10}.Debug|x86.ActiveCfg = Debug|x86
		{9A9EF707-7EAD-440D-9867-050FB92C0F10}.Debug|x86.Build.0 = Debug|x86
		{9A9EF707-7EAD-440D-9867-050FB92C0F10}.Release|Any CPU.ActiveCfg = Release|Any CPU
		{9A9EF707-7EAD-440D-9867-050FB92C0F10}.Release|Any CPU.Build.0 = Release|Any CPU
		{9A9EF707-7EAD-440D-9867-050FB92C0F10}.Release|x86.ActiveCfg = Release|x86
		{9A9EF707-7EAD-440D-9867-050FB92C0F10}.Release|x86.Build.0 = Release|x86
		{F487C8FA-D90E-4DB8-B216-1031E82C8703}.Debug|Any CPU.ActiveCfg = Debug|Any CPU
		{F487C8FA-D90E-4DB8-B216-1031E82C8703}.Debug|Any CPU.Build.0 = Debug|Any CPU
		{F487C8FA-D90E-4DB8-B216-1031E82C8703}.Debug|x86.ActiveCfg = Debug|Any CPU
		{F487C8FA-D90E-4DB8-B216-1031E82C8703}.Debug|x86.Build.0 = Debug|Any CPU
		{F487C8FA-D90E-4DB8-B216-1031E82C8703}.Release|Any CPU.ActiveCfg = Release|Any CPU
		{F487C8FA-D90E-4DB8-B216-1031E82C8703}.Release|Any CPU.Build.0 = Release|Any CPU
		{F487C8FA-D90E-4DB8-B216-1031E82C8703}.Release|x86.ActiveCfg = Release|Any CPU
		{F487C8FA-D90E-4DB8-B216-1031E82C8703}.Release|x86.Build.0 = Release|Any CPU
		{E2D2598C-3FC0-4456-8C16-E77073967927}.Debug|Any CPU.ActiveCfg = Debug
		{E2D2598C-3FC0-4456-8C16-E77073967927}.Debug|x86.ActiveCfg = Debug
		{E2D2598C-3FC0-4456-8C16-E77073967927}.Release|Any CPU.ActiveCfg = Release
		{E2D2598C-3FC0-4456-8C16-E77073967927}.Release|x86.ActiveCfg = Release
		{6A8BD417-E0D6-47D2-9EA6-02AB69705114}.Debug|Any CPU.ActiveCfg = Debug|Any CPU
		{6A8BD417-E0D6-47D2-9EA6-02AB69705114}.Debug|Any CPU.Build.0 = Debug|Any CPU
		{6A8BD417-E0D6-47D2-9EA6-02AB69705114}.Debug|x86.ActiveCfg = Debug|Any CPU
		{6A8BD417-E0D6-47D2-9EA6-02AB69705114}.Debug|x86.Build.0 = Debug|Any CPU
		{6A8BD417-E0D6-47D2-9EA6-02AB69705114}.Release|Any CPU.ActiveCfg = Release|Any CPU
		{6A8BD417-E0D6-47D2-9EA6-02AB69705114}.Release|Any CPU.Build.0 = Release|Any CPU
		{6A8BD417-E0D6-47D2-9EA6-02AB69705114}.Release|x86.ActiveCfg = Release|Any CPU
		{6A8BD417-E0D6-47D2-9EA6-02AB69705114}.Release|x86.Build.0 = Release|Any CPU
		{976B4541-385D-4FED-A14F-ED99002842D5}.Debug|Any CPU.ActiveCfg = Debug|Any CPU
		{976B4541-385D-4FED-A14F-ED99002842D5}.Debug|Any CPU.Build.0 = Debug|Any CPU
		{976B4541-385D-4FED-A14F-ED99002842D5}.Debug|x86.ActiveCfg = Debug|Any CPU
		{976B4541-385D-4FED-A14F-ED99002842D5}.Debug|x86.Build.0 = Debug|Any CPU
		{976B4541-385D-4FED-A14F-ED99002842D5}.Release|Any CPU.ActiveCfg = Release|Any CPU
		{976B4541-385D-4FED-A14F-ED99002842D5}.Release|Any CPU.Build.0 = Release|Any CPU
		{976B4541-385D-4FED-A14F-ED99002842D5}.Release|x86.ActiveCfg = Release|Any CPU
		{976B4541-385D-4FED-A14F-ED99002842D5}.Release|x86.Build.0 = Release|Any CPU
		{E68B130B-1A45-477C-ADEB-6C98EFD2E200}.Debug|Any CPU.ActiveCfg = Debug|Any CPU
		{E68B130B-1A45-477C-ADEB-6C98EFD2E200}.Debug|Any CPU.Build.0 = Debug|Any CPU
		{E68B130B-1A45-477C-ADEB-6C98EFD2E200}.Debug|x86.ActiveCfg = Debug|Any CPU
		{E68B130B-1A45-477C-ADEB-6C98EFD2E200}.Debug|x86.Build.0 = Debug|Any CPU
		{E68B130B-1A45-477C-ADEB-6C98EFD2E200}.Release|Any CPU.ActiveCfg = Release|Any CPU
		{E68B130B-1A45-477C-ADEB-6C98EFD2E200}.Release|Any CPU.Build.0 = Release|Any CPU
		{E68B130B-1A45-477C-ADEB-6C98EFD2E200}.Release|x86.ActiveCfg = Release|Any CPU
		{E68B130B-1A45-477C-ADEB-6C98EFD2E200}.Release|x86.Build.0 = Release|Any CPU
		{1F32DC1E-8F10-4667-94D1-86C25802BD64}.Debug|Any CPU.ActiveCfg = Debug|Any CPU
		{1F32DC1E-8F10-4667-94D1-86C25802BD64}.Debug|Any CPU.Build.0 = Debug|Any CPU
		{1F32DC1E-8F10-4667-94D1-86C25802BD64}.Debug|x86.ActiveCfg = Debug|Any CPU
		{1F32DC1E-8F10-4667-94D1-86C25802BD64}.Debug|x86.Build.0 = Debug|Any CPU
		{1F32DC1E-8F10-4667-94D1-86C25802BD64}.Release|Any CPU.ActiveCfg = Release|Any CPU
		{1F32DC1E-8F10-4667-94D1-86C25802BD64}.Release|Any CPU.Build.0 = Release|Any CPU
		{1F32DC1E-8F10-4667-94D1-86C25802BD64}.Release|x86.ActiveCfg = Release|Any CPU
		{1F32DC1E-8F10-4667-94D1-86C25802BD64}.Release|x86.Build.0 = Release|Any CPU
		{4876C4C3-BC19-482B-84F3-E97D00FF5767}.Debug|Any CPU.ActiveCfg = Debug|Any CPU
		{4876C4C3-BC19-482B-84F3-E97D00FF5767}.Debug|Any CPU.Build.0 = Debug|Any CPU
		{4876C4C3-BC19-482B-84F3-E97D00FF5767}.Debug|x86.ActiveCfg = Debug|Any CPU
		{4876C4C3-BC19-482B-84F3-E97D00FF5767}.Debug|x86.Build.0 = Debug|Any CPU
		{4876C4C3-BC19-482B-84F3-E97D00FF5767}.Release|Any CPU.ActiveCfg = Release|Any CPU
		{4876C4C3-BC19-482B-84F3-E97D00FF5767}.Release|Any CPU.Build.0 = Release|Any CPU
		{4876C4C3-BC19-482B-84F3-E97D00FF5767}.Release|x86.ActiveCfg = Release|Any CPU
		{4876C4C3-BC19-482B-84F3-E97D00FF5767}.Release|x86.Build.0 = Release|Any CPU
		{F7C59007-70AB-4681-837F-5DAB16D469AF}.Debug|Any CPU.ActiveCfg = Debug|Any CPU
		{F7C59007-70AB-4681-837F-5DAB16D469AF}.Debug|Any CPU.Build.0 = Debug|Any CPU
		{F7C59007-70AB-4681-837F-5DAB16D469AF}.Debug|x86.ActiveCfg = Debug|Any CPU
		{F7C59007-70AB-4681-837F-5DAB16D469AF}.Debug|x86.Build.0 = Debug|Any CPU
		{F7C59007-70AB-4681-837F-5DAB16D469AF}.Release|Any CPU.ActiveCfg = Release|Any CPU
		{F7C59007-70AB-4681-837F-5DAB16D469AF}.Release|Any CPU.Build.0 = Release|Any CPU
		{F7C59007-70AB-4681-837F-5DAB16D469AF}.Release|x86.ActiveCfg = Release|Any CPU
		{F7C59007-70AB-4681-837F-5DAB16D469AF}.Release|x86.Build.0 = Release|Any CPU
	EndGlobalSection
	GlobalSection(SolutionProperties) = preSolution
		HideSolutionNode = FALSE
	EndGlobalSection
	GlobalSection(ExtensibilityGlobals) = postSolution
		SolutionGuid = {3E6BD573-D982-4FDA-BDB8-7A0747B87564}
	EndGlobalSection
EndGlobal
